
Microsoft Visual Studio Solution File, Format Version 12.00
# Visual Studio Version 16
VisualStudioVersion = 16.0.29609.76
MinimumVisualStudioVersion = 10.0.40219.1
Project("{2150E333-8FDC-42A3-9474-1A3956D46DE8}") = "01 - Application", "01 - Application", "{1AC0F106-A967-4962-B701-727366A83D05}"
EndProject
Project("{2150E333-8FDC-42A3-9474-1A3956D46DE8}") = "02 - Domain", "02 - Domain", "{263C5E94-235E-4202-A97C-090589C72859}"
EndProject
Project("{2150E333-8FDC-42A3-9474-1A3956D46DE8}") = "03 - Service", "03 - Service", "{072D662E-F491-4B70-AC60-A7C7104DD5F6}"
EndProject
Project("{2150E333-8FDC-42A3-9474-1A3956D46DE8}") = "04 - Infra", "04 - Infra", "{7FBE3D2E-66A6-4670-A193-B084B802BB88}"
EndProject
Project("{2150E333-8FDC-42A3-9474-1A3956D46DE8}") = "04.1 - Data", "04.1 - Data", "{E5CBCED6-63FB-4E96-B996-6A61DEC44A3C}"
EndProject
Project("{2150E333-8FDC-42A3-9474-1A3956D46DE8}") = "04.2 - CrossCutting", "04.2 - CrossCutting", "{5622F8AE-EA81-441D-A84B-E6C0A460D9E9}"
EndProject
Project("{9A19103F-16F7-4668-BE54-9A1E7A4F7556}") = "NossoMercadoLivreAPI.Application", "src\NossoMercadoLivreAPI.Application\NossoMercadoLivreAPI.Application.csproj", "{A49BFE76-E30A-4895-9F0F-AFBD75C21A98}"
EndProject
Project("{9A19103F-16F7-4668-BE54-9A1E7A4F7556}") = "NossoMercadoLivreAPI.Domain", "src\NossoMercadoLivreAPI.Domain\NossoMercadoLivreAPI.Domain.csproj", "{15D6569C-980A-4F94-BDCF-86D85D1F67AD}"
EndProject
Project("{9A19103F-16F7-4668-BE54-9A1E7A4F7556}") = "NossoMercadoLivreAPI.Service", "src\NossoMercadoLivreAPI.Service\NossoMercadoLivreAPI.Service.csproj", "{D033C36B-7925-49A8-85C4-CC53EDD6C78C}"
EndProject
Project("{9A19103F-16F7-4668-BE54-9A1E7A4F7556}") = "NossoMercadoLivreAPI.Infra.Data", "src\NossoMercadoLivreAPI.Infra.Data\NossoMercadoLivreAPI.Infra.Data.csproj", "{66A80D04-06C6-4425-8613-AABFF49560FA}"
EndProject
Project("{9A19103F-16F7-4668-BE54-9A1E7A4F7556}") = "NossoMercadoLivreAPI.Infra.CrossCutting", "src\NossoMercadoLivreAPI.Infra.CrossCutting\NossoMercadoLivreAPI.Infra.CrossCutting.csproj", "{1FEF9C82-3899-4D69-B7FE-704958D87498}"
EndProject
Project("{2150E333-8FDC-42A3-9474-1A3956D46DE8}") = "04.3 - Resources", "04.3 - Resources", "{E734EF18-F75A-4CD1-8A17-A529AE420D27}"
EndProject
Project("{9A19103F-16F7-4668-BE54-9A1E7A4F7556}") = "NossoMercadoLivreAPI.Infra.Resources", "src\NossoMercadoLivreAPI.Infra.Resources\NossoMercadoLivreAPI.Infra.Resources.csproj", "{84AAFB10-643C-450E-9423-898EA8A6D63C}"
EndProject
Project("{2150E333-8FDC-42A3-9474-1A3956D46DE8}") = "Solution Items", "Solution Items", "{E76F612F-803E-45E0-A830-510C09ADEE47}"
	ProjectSection(SolutionItems) = preProject
		.editorconfig = .editorconfig
	EndProjectSection
EndProject
Project("{2150E333-8FDC-42A3-9474-1A3956D46DE8}") = "05 - Test", "05 - Test", "{4FB0FB96-295E-4F7E-A1CA-312A0EDF0DBD}"
EndProject
Project("{9A19103F-16F7-4668-BE54-9A1E7A4F7556}") = "NossoMercadoLivreAPI.UnitTest", "src\NossoMercadoLivreAPI.UnitTest\NossoMercadoLivreAPI.UnitTest.csproj", "{3AD88813-DE5F-40BE-A405-05A71AD71851}"
EndProject
Global
	GlobalSection(SolutionConfigurationPlatforms) = preSolution
		Debug|Any CPU = Debug|Any CPU
		Release|Any CPU = Release|Any CPU
	EndGlobalSection
	GlobalSection(ProjectConfigurationPlatforms) = postSolution
		{A49BFE76-E30A-4895-9F0F-AFBD75C21A98}.Debug|Any CPU.ActiveCfg = Debug|Any CPU
		{A49BFE76-E30A-4895-9F0F-AFBD75C21A98}.Debug|Any CPU.Build.0 = Debug|Any CPU
		{A49BFE76-E30A-4895-9F0F-AFBD75C21A98}.Release|Any CPU.ActiveCfg = Release|Any CPU
		{A49BFE76-E30A-4895-9F0F-AFBD75C21A98}.Release|Any CPU.Build.0 = Release|Any CPU
		{15D6569C-980A-4F94-BDCF-86D85D1F67AD}.Debug|Any CPU.ActiveCfg = Debug|Any CPU
		{15D6569C-980A-4F94-BDCF-86D85D1F67AD}.Debug|Any CPU.Build.0 = Debug|Any CPU
		{15D6569C-980A-4F94-BDCF-86D85D1F67AD}.Release|Any CPU.ActiveCfg = Release|Any CPU
		{15D6569C-980A-4F94-BDCF-86D85D1F67AD}.Release|Any CPU.Build.0 = Release|Any CPU
		{D033C36B-7925-49A8-85C4-CC53EDD6C78C}.Debug|Any CPU.ActiveCfg = Debug|Any CPU
		{D033C36B-7925-49A8-85C4-CC53EDD6C78C}.Debug|Any CPU.Build.0 = Debug|Any CPU
		{D033C36B-7925-49A8-85C4-CC53EDD6C78C}.Release|Any CPU.ActiveCfg = Release|Any CPU
		{D033C36B-7925-49A8-85C4-CC53EDD6C78C}.Release|Any CPU.Build.0 = Release|Any CPU
		{66A80D04-06C6-4425-8613-AABFF49560FA}.Debug|Any CPU.ActiveCfg = Debug|Any CPU
		{66A80D04-06C6-4425-8613-AABFF49560FA}.Debug|Any CPU.Build.0 = Debug|Any CPU
		{66A80D04-06C6-4425-8613-AABFF49560FA}.Release|Any CPU.ActiveCfg = Release|Any CPU
		{66A80D04-06C6-4425-8613-AABFF49560FA}.Release|Any CPU.Build.0 = Release|Any CPU
		{1FEF9C82-3899-4D69-B7FE-704958D87498}.Debug|Any CPU.ActiveCfg = Debug|Any CPU
		{1FEF9C82-3899-4D69-B7FE-704958D87498}.Debug|Any CPU.Build.0 = Debug|Any CPU
		{1FEF9C82-3899-4D69-B7FE-704958D87498}.Release|Any CPU.ActiveCfg = Release|Any CPU
		{1FEF9C82-3899-4D69-B7FE-704958D87498}.Release|Any CPU.Build.0 = Release|Any CPU
		{84AAFB10-643C-450E-9423-898EA8A6D63C}.Debug|Any CPU.ActiveCfg = Debug|Any CPU
		{84AAFB10-643C-450E-9423-898EA8A6D63C}.Debug|Any CPU.Build.0 = Debug|Any CPU
		{84AAFB10-643C-450E-9423-898EA8A6D63C}.Release|Any CPU.ActiveCfg = Release|Any CPU
		{84AAFB10-643C-450E-9423-898EA8A6D63C}.Release|Any CPU.Build.0 = Release|Any CPU
		{3AD88813-DE5F-40BE-A405-05A71AD71851}.Debug|Any CPU.ActiveCfg = Debug|Any CPU
		{3AD88813-DE5F-40BE-A405-05A71AD71851}.Debug|Any CPU.Build.0 = Debug|Any CPU
		{3AD88813-DE5F-40BE-A405-05A71AD71851}.Release|Any CPU.ActiveCfg = Release|Any CPU
		{3AD88813-DE5F-40BE-A405-05A71AD71851}.Release|Any CPU.Build.0 = Release|Any CPU
	EndGlobalSection
	GlobalSection(SolutionProperties) = preSolution
		HideSolutionNode = FALSE
	EndGlobalSection
	GlobalSection(NestedProjects) = preSolution
		{E5CBCED6-63FB-4E96-B996-6A61DEC44A3C} = {7FBE3D2E-66A6-4670-A193-B084B802BB88}
		{5622F8AE-EA81-441D-A84B-E6C0A460D9E9} = {7FBE3D2E-66A6-4670-A193-B084B802BB88}
		{A49BFE76-E30A-4895-9F0F-AFBD75C21A98} = {1AC0F106-A967-4962-B701-727366A83D05}
		{15D6569C-980A-4F94-BDCF-86D85D1F67AD} = {263C5E94-235E-4202-A97C-090589C72859}
		{D033C36B-7925-49A8-85C4-CC53EDD6C78C} = {072D662E-F491-4B70-AC60-A7C7104DD5F6}
		{66A80D04-06C6-4425-8613-AABFF49560FA} = {E5CBCED6-63FB-4E96-B996-6A61DEC44A3C}
		{1FEF9C82-3899-4D69-B7FE-704958D87498} = {5622F8AE-EA81-441D-A84B-E6C0A460D9E9}
		{E734EF18-F75A-4CD1-8A17-A529AE420D27} = {7FBE3D2E-66A6-4670-A193-B084B802BB88}
		{84AAFB10-643C-450E-9423-898EA8A6D63C} = {E734EF18-F75A-4CD1-8A17-A529AE420D27}
		{3AD88813-DE5F-40BE-A405-05A71AD71851} = {4FB0FB96-295E-4F7E-A1CA-312A0EDF0DBD}
	EndGlobalSection
	GlobalSection(ExtensibilityGlobals) = postSolution
		SolutionGuid = {5C6BB42B-BCEA-41C4-BF47-95EB5C91B868}
	EndGlobalSection
EndGlobal
